// !$*UTF8*$!
{
	archiveVersion = 1;
	classes = {
	};
	objectVersion = 56;
	objects = {

/* Begin PBXBuildFile section */
		5E728A472AC9563D00B51548 /* main.cpp in Sources */ = {isa = PBXBuildFile; fileRef = 5E728A462AC9563D00B51548 /* main.cpp */; };
		5E728A4F2AD1BF2500B51548 /* Accounts.cpp in Sources */ = {isa = PBXBuildFile; fileRef = 5E728A4D2AD1BF2500B51548 /* Accounts.cpp */; };
		5E728A522AD1CF0800B51548 /* Registration.cpp in Sources */ = {isa = PBXBuildFile; fileRef = 5E728A502AD1CF0800B51548 /* Registration.cpp */; };
		5E728A552AD4122900B51548 /* ValidationManager.cpp in Sources */ = {isa = PBXBuildFile; fileRef = 5E728A532AD4122900B51548 /* ValidationManager.cpp */; };
		5E728A5B2AD55D3C00B51548 /* LogIn.cpp in Sources */ = {isa = PBXBuildFile; fileRef = 5E728A592AD55D3C00B51548 /* LogIn.cpp */; };
		5E728A5E2AD7D2BE00B51548 /* MenueSystem.cpp in Sources */ = {isa = PBXBuildFile; fileRef = 5E728A5C2AD7D2BE00B51548 /* MenueSystem.cpp */; };
		5E728A612AD7D90B00B51548 /* Menue.cpp in Sources */ = {isa = PBXBuildFile; fileRef = 5E728A5F2AD7D90B00B51548 /* Menue.cpp */; };
		5E728A642AD7D9C300B51548 /* AdminMenue.cpp in Sources */ = {isa = PBXBuildFile; fileRef = 5E728A622AD7D9C300B51548 /* AdminMenue.cpp */; };
		5E728A672AD7DE2F00B51548 /* MainMenue.cpp in Sources */ = {isa = PBXBuildFile; fileRef = 5E728A652AD7DE2F00B51548 /* MainMenue.cpp */; };
/* End PBXBuildFile section */

/* Begin PBXCopyFilesBuildPhase section */
		5E728A412AC9563D00B51548 /* CopyFiles */ = {
			isa = PBXCopyFilesBuildPhase;
			buildActionMask = 2147483647;
			dstPath = /usr/share/man/man1/;
			dstSubfolderSpec = 0;
			files = (
			);
			runOnlyForDeploymentPostprocessing = 1;
		};
/* End PBXCopyFilesBuildPhase section */

/* Begin PBXFileReference section */
		5E728A432AC9563D00B51548 /* HotelCLIProject */ = {isa = PBXFileReference; explicitFileType = "compiled.mach-o.executable"; includeInIndex = 0; path = HotelCLIProject; sourceTree = BUILT_PRODUCTS_DIR; };
		5E728A462AC9563D00B51548 /* main.cpp */ = {isa = PBXFileReference; lastKnownFileType = sourcecode.cpp.cpp; path = main.cpp; sourceTree = "<group>"; };
		5E728A4D2AD1BF2500B51548 /* Accounts.cpp */ = {isa = PBXFileReference; lastKnownFileType = sourcecode.cpp.cpp; path = Accounts.cpp; sourceTree = "<group>"; };
		5E728A4E2AD1BF2500B51548 /* Accounts.hpp */ = {isa = PBXFileReference; lastKnownFileType = sourcecode.cpp.h; path = Accounts.hpp; sourceTree = "<group>"; };
		5E728A502AD1CF0800B51548 /* Registration.cpp */ = {isa = PBXFileReference; lastKnownFileType = sourcecode.cpp.cpp; path = Registration.cpp; sourceTree = "<group>"; };
		5E728A512AD1CF0800B51548 /* Registration.hpp */ = {isa = PBXFileReference; lastKnownFileType = sourcecode.cpp.h; path = Registration.hpp; sourceTree = "<group>"; };
		5E728A532AD4122900B51548 /* ValidationManager.cpp */ = {isa = PBXFileReference; lastKnownFileType = sourcecode.cpp.cpp; path = ValidationManager.cpp; sourceTree = "<group>"; };
		5E728A542AD4122900B51548 /* ValidationManager.hpp */ = {isa = PBXFileReference; lastKnownFileType = sourcecode.cpp.h; path = ValidationManager.hpp; sourceTree = "<group>"; };
		5E728A592AD55D3C00B51548 /* LogIn.cpp */ = {isa = PBXFileReference; lastKnownFileType = sourcecode.cpp.cpp; path = LogIn.cpp; sourceTree = "<group>"; };
		5E728A5A2AD55D3C00B51548 /* LogIn.hpp */ = {isa = PBXFileReference; lastKnownFileType = sourcecode.cpp.h; path = LogIn.hpp; sourceTree = "<group>"; };
		5E728A5C2AD7D2BE00B51548 /* MenueSystem.cpp */ = {isa = PBXFileReference; lastKnownFileType = sourcecode.cpp.cpp; path = MenueSystem.cpp; sourceTree = "<group>"; };
		5E728A5D2AD7D2BE00B51548 /* MenueSystem.hpp */ = {isa = PBXFileReference; lastKnownFileType = sourcecode.cpp.h; path = MenueSystem.hpp; sourceTree = "<group>"; };
		5E728A5F2AD7D90B00B51548 /* Menue.cpp */ = {isa = PBXFileReference; lastKnownFileType = sourcecode.cpp.cpp; path = Menue.cpp; sourceTree = "<group>"; };
		5E728A602AD7D90B00B51548 /* Menue.hpp */ = {isa = PBXFileReference; lastKnownFileType = sourcecode.cpp.h; path = Menue.hpp; sourceTree = "<group>"; };
		5E728A622AD7D9C300B51548 /* AdminMenue.cpp */ = {isa = PBXFileReference; lastKnownFileType = sourcecode.cpp.cpp; path = AdminMenue.cpp; sourceTree = "<group>"; };
		5E728A632AD7D9C300B51548 /* AdminMenue.hpp */ = {isa = PBXFileReference; lastKnownFileType = sourcecode.cpp.h; path = AdminMenue.hpp; sourceTree = "<group>"; };
		5E728A652AD7DE2F00B51548 /* MainMenue.cpp */ = {isa = PBXFileReference; lastKnownFileType = sourcecode.cpp.cpp; path = MainMenue.cpp; sourceTree = "<group>"; };
		5E728A662AD7DE2F00B51548 /* MainMenue.hpp */ = {isa = PBXFileReference; lastKnownFileType = sourcecode.cpp.h; path = MainMenue.hpp; sourceTree = "<group>"; };
/* End PBXFileReference section */

/* Begin PBXFrameworksBuildPhase section */
		5E728A402AC9563D00B51548 /* Frameworks */ = {
			isa = PBXFrameworksBuildPhase;
			buildActionMask = 2147483647;
			files = (
			);
			runOnlyForDeploymentPostprocessing = 0;
		};
/* End PBXFrameworksBuildPhase section */

/* Begin PBXGroup section */
		5E728A3A2AC9563D00B51548 = {
			isa = PBXGroup;
			children = (
				5E728A452AC9563D00B51548 /* HotelCLIProject */,
				5E728A442AC9563D00B51548 /* Products */,
			);
			sourceTree = "<group>";
		};
		5E728A442AC9563D00B51548 /* Products */ = {
			isa = PBXGroup;
			children = (
				5E728A432AC9563D00B51548 /* HotelCLIProject */,
			);
			name = Products;
			sourceTree = "<group>";
		};
		5E728A452AC9563D00B51548 /* HotelCLIProject */ = {
			isa = PBXGroup;
			children = (
				5E728A462AC9563D00B51548 /* main.cpp */,
				5E728A4D2AD1BF2500B51548 /* Accounts.cpp */,
				5E728A4E2AD1BF2500B51548 /* Accounts.hpp */,
				5E728A502AD1CF0800B51548 /* Registration.cpp */,
				5E728A512AD1CF0800B51548 /* Registration.hpp */,
				5E728A532AD4122900B51548 /* ValidationManager.cpp */,
				5E728A542AD4122900B51548 /* ValidationManager.hpp */,
				5E728A592AD55D3C00B51548 /* LogIn.cpp */,
				5E728A5A2AD55D3C00B51548 /* LogIn.hpp */,
				5E728A602AD7D90B00B51548 /* Menue.hpp */,
				5E728A662AD7DE2F00B51548 /* MainMenue.hpp */,
				5E728A5D2AD7D2BE00B51548 /* MenueSystem.hpp */,
				5E728A632AD7D9C300B51548 /* AdminMenue.hpp */,
				5E728A5F2AD7D90B00B51548 /* Menue.cpp */,
				5E728A5C2AD7D2BE00B51548 /* MenueSystem.cpp */,
				5E728A652AD7DE2F00B51548 /* MainMenue.cpp */,
				5E728A622AD7D9C300B51548 /* AdminMenue.cpp */,
			);
			path = HotelCLIProject;
			sourceTree = "<group>";
		};
/* End PBXGroup section */

/* Begin PBXNativeTarget section */
		5E728A422AC9563D00B51548 /* HotelCLIProject */ = {
			isa = PBXNativeTarget;
			buildConfigurationList = 5E728A4A2AC9563D00B51548 /* Build configuration list for PBXNativeTarget "HotelCLIProject" */;
			buildPhases = (
				5E728A3F2AC9563D00B51548 /* Sources */,
				5E728A402AC9563D00B51548 /* Frameworks */,
				5E728A412AC9563D00B51548 /* CopyFiles */,
			);
			buildRules = (
			);
			dependencies = (
			);
			name = HotelCLIProject;
			productName = HotelCLIProject;
			productReference = 5E728A432AC9563D00B51548 /* HotelCLIProject */;
			productType = "com.apple.product-type.tool";
		};
/* End PBXNativeTarget section */

/* Begin PBXProject section */
		5E728A3B2AC9563D00B51548 /* Project object */ = {
			isa = PBXProject;
			attributes = {
				BuildIndependentTargetsInParallel = 1;
				LastUpgradeCheck = 1430;
				TargetAttributes = {
					5E728A422AC9563D00B51548 = {
						CreatedOnToolsVersion = 14.3.1;
					};
				};
			};
			buildConfigurationList = 5E728A3E2AC9563D00B51548 /* Build configuration list for PBXProject "HotelCLIProject" */;
			compatibilityVersion = "Xcode 14.0";
			developmentRegion = en;
			hasScannedForEncodings = 0;
			knownRegions = (
				en,
				Base,
			);
			mainGroup = 5E728A3A2AC9563D00B51548;
			productRefGroup = 5E728A442AC9563D00B51548 /* Products */;
			projectDirPath = "";
			projectRoot = "";
			targets = (
				5E728A422AC9563D00B51548 /* HotelCLIProject */,
			);
		};
/* End PBXProject section */

/* Begin PBXSourcesBuildPhase section */
		5E728A3F2AC9563D00B51548 /* Sources */ = {
			isa = PBXSourcesBuildPhase;
			buildActionMask = 2147483647;
			files = (
				5E728A552AD4122900B51548 /* ValidationManager.cpp in Sources */,
				5E728A5B2AD55D3C00B51548 /* LogIn.cpp in Sources */,
				5E728A642AD7D9C300B51548 /* AdminMenue.cpp in Sources */,
				5E728A672AD7DE2F00B51548 /* MainMenue.cpp in Sources */,
				5E728A522AD1CF0800B51548 /* Registration.cpp in Sources */,
				5E728A472AC9563D00B51548 /* main.cpp in Sources */,
				5E728A612AD7D90B00B51548 /* Menue.cpp in Sources */,
				5E728A4F2AD1BF2500B51548 /* Accounts.cpp in Sources */,
				5E728A5E2AD7D2BE00B51548 /* MenueSystem.cpp in Sources */,
			);
			runOnlyForDeploymentPostprocessing = 0;
		};
/* End PBXSourcesBuildPhase section */

/* Begin XCBuildConfiguration section */
		5E728A482AC9563D00B51548 /* Debug */ = {
			isa = XCBuildConfiguration;
			buildSettings = {
				ALWAYS_SEARCH_USER_PATHS = NO;
				CLANG_ANALYZER_NONNULL = YES;
				CLANG_ANALYZER_NUMBER_OBJECT_CONVERSION = YES_AGGRESSIVE;
				CLANG_CXX_LANGUAGE_STANDARD = "gnu++20";
				CLANG_ENABLE_MODULES = YES;
				CLANG_ENABLE_OBJC_ARC = YES;
				CLANG_ENABLE_OBJC_WEAK = YES;
				CLANG_WARN_BLOCK_CAPTURE_AUTORELEASING = YES;
				CLANG_WARN_BOOL_CONVERSION = YES;
				CLANG_WARN_COMMA = YES;
				CLANG_WARN_CONSTANT_CONVERSION = YES;
				CLANG_WARN_DEPRECATED_OBJC_IMPLEMENTATIONS = YES;
				CLANG_WARN_DIRECT_OBJC_ISA_USAGE = YES_ERROR;
				CLANG_WARN_DOCUMENTATION_COMMENTS = YES;
				CLANG_WARN_EMPTY_BODY = YES;
				CLANG_WARN_ENUM_CONVERSION = YES;
				CLANG_WARN_INFINITE_RECURSION = YES;
				CLANG_WARN_INT_CONVERSION = YES;
				CLANG_WARN_NON_LITERAL_NULL_CONVERSION = YES;
				CLANG_WARN_OBJC_IMPLICIT_RETAIN_SELF = YES;
				CLANG_WARN_OBJC_LITERAL_CONVERSION = YES;
				CLANG_WARN_OBJC_ROOT_CLASS = YES_ERROR;
				CLANG_WARN_QUOTED_INCLUDE_IN_FRAMEWORK_HEADER = YES;
				CLANG_WARN_RANGE_LOOP_ANALYSIS = YES;
				CLANG_WARN_STRICT_PROTOTYPES = YES;
				CLANG_WARN_SUSPICIOUS_MOVE = YES;
				CLANG_WARN_UNGUARDED_AVAILABILITY = YES_AGGRESSIVE;
				CLANG_WARN_UNREACHABLE_CODE = YES;
				CLANG_WARN__DUPLICATE_METHOD_MATCH = YES;
				COPY_PHASE_STRIP = NO;
				DEBUG_INFORMATION_FORMAT = dwarf;
				ENABLE_STRICT_OBJC_MSGSEND = YES;
				ENABLE_TESTABILITY = YES;
				GCC_C_LANGUAGE_STANDARD = gnu11;
				GCC_DYNAMIC_NO_PIC = NO;
				GCC_NO_COMMON_BLOCKS = YES;
				GCC_OPTIMIZATION_LEVEL = 0;
				GCC_PREPROCESSOR_DEFINITIONS = (
					"DEBUG=1",
					"$(inherited)",
				);
				GCC_WARN_64_TO_32_BIT_CONVERSION = YES;
				GCC_WARN_ABOUT_RETURN_TYPE = YES_ERROR;
				GCC_WARN_UNDECLARED_SELECTOR = YES;
				GCC_WARN_UNINITIALIZED_AUTOS = YES_AGGRESSIVE;
				GCC_WARN_UNUSED_FUNCTION = YES;
				GCC_WARN_UNUSED_VARIABLE = YES;
				MACOSX_DEPLOYMENT_TARGET = 13.2;
				MTL_ENABLE_DEBUG_INFO = INCLUDE_SOURCE;
				MTL_FAST_MATH = YES;
				ONLY_ACTIVE_ARCH = YES;
				SDKROOT = macosx;
			};
			name = Debug;
		};
		5E728A492AC9563D00B51548 /* Release */ = {
			isa = XCBuildConfiguration;
			buildSettings = {
				ALWAYS_SEARCH_USER_PATHS = NO;
				CLANG_ANALYZER_NONNULL = YES;
				CLANG_ANALYZER_NUMBER_OBJECT_CONVERSION = YES_AGGRESSIVE;
				CLANG_CXX_LANGUAGE_STANDARD = "gnu++20";
				CLANG_ENABLE_MODULES = YES;
				CLANG_ENABLE_OBJC_ARC = YES;
				CLANG_ENABLE_OBJC_WEAK = YES;
				CLANG_WARN_BLOCK_CAPTURE_AUTORELEASING = YES;
				CLANG_WARN_BOOL_CONVERSION = YES;
				CLANG_WARN_COMMA = YES;
				CLANG_WARN_CONSTANT_CONVERSION = YES;
				CLANG_WARN_DEPRECATED_OBJC_IMPLEMENTATIONS = YES;
				CLANG_WARN_DIRECT_OBJC_ISA_USAGE = YES_ERROR;
				CLANG_WARN_DOCUMENTATION_COMMENTS = YES;
				CLANG_WARN_EMPTY_BODY = YES;
				CLANG_WARN_ENUM_CONVERSION = YES;
				CLANG_WARN_INFINITE_RECURSION = YES;
				CLANG_WARN_INT_CONVERSION = YES;
				CLANG_WARN_NON_LITERAL_NULL_CONVERSION = YES;
				CLANG_WARN_OBJC_IMPLICIT_RETAIN_SELF = YES;
				CLANG_WARN_OBJC_LITERAL_CONVERSION = YES;
				CLANG_WARN_OBJC_ROOT_CLASS = YES_ERROR;
				CLANG_WARN_QUOTED_INCLUDE_IN_FRAMEWORK_HEADER = YES;
				CLANG_WARN_RANGE_LOOP_ANALYSIS = YES;
				CLANG_WARN_STRICT_PROTOTYPES = YES;
				CLANG_WARN_SUSPICIOUS_MOVE = YES;
				CLANG_WARN_UNGUARDED_AVAILABILITY = YES_AGGRESSIVE;
				CLANG_WARN_UNREACHABLE_CODE = YES;
				CLANG_WARN__DUPLICATE_METHOD_MATCH = YES;
				COPY_PHASE_STRIP = NO;
				DEBUG_INFORMATION_FORMAT = "dwarf-with-dsym";
				ENABLE_NS_ASSERTIONS = NO;
				ENABLE_STRICT_OBJC_MSGSEND = YES;
				GCC_C_LANGUAGE_STANDARD = gnu11;
				GCC_NO_COMMON_BLOCKS = YES;
				GCC_WARN_64_TO_32_BIT_CONVERSION = YES;
				GCC_WARN_ABOUT_RETURN_TYPE = YES_ERROR;
				GCC_WARN_UNDECLARED_SELECTOR = YES;
				GCC_WARN_UNINITIALIZED_AUTOS = YES_AGGRESSIVE;
				GCC_WARN_UNUSED_FUNCTION = YES;
				GCC_WARN_UNUSED_VARIABLE = YES;
				MACOSX_DEPLOYMENT_TARGET = 13.2;
				MTL_ENABLE_DEBUG_INFO = NO;
				MTL_FAST_MATH = YES;
				SDKROOT = macosx;
			};
			name = Release;
		};
		5E728A4B2AC9563D00B51548 /* Debug */ = {
			isa = XCBuildConfiguration;
			buildSettings = {
				CODE_SIGN_STYLE = Automatic;
				PRODUCT_NAME = "$(TARGET_NAME)";
			};
			name = Debug;
		};
		5E728A4C2AC9563D00B51548 /* Release */ = {
			isa = XCBuildConfiguration;
			buildSettings = {
				CODE_SIGN_STYLE = Automatic;
				PRODUCT_NAME = "$(TARGET_NAME)";
			};
			name = Release;
		};
/* End XCBuildConfiguration section */

/* Begin XCConfigurationList section */
		5E728A3E2AC9563D00B51548 /* Build configuration list for PBXProject "HotelCLIProject" */ = {
			isa = XCConfigurationList;
			buildConfigurations = (
				5E728A482AC9563D00B51548 /* Debug */,
				5E728A492AC9563D00B51548 /* Release */,
			);
			defaultConfigurationIsVisible = 0;
			defaultConfigurationName = Release;
		};
		5E728A4A2AC9563D00B51548 /* Build configuration list for PBXNativeTarget "HotelCLIProject" */ = {
			isa = XCConfigurationList;
			buildConfigurations = (
				5E728A4B2AC9563D00B51548 /* Debug */,
				5E728A4C2AC9563D00B51548 /* Release */,
			);
			defaultConfigurationIsVisible = 0;
			defaultConfigurationName = Release;
		};
/* End XCConfigurationList section */
	};
	rootObject = 5E728A3B2AC9563D00B51548 /* Project object */;
}
